
Microsoft Visual Studio Solution File, Format Version 12.00
# Visual Studio Version 17
VisualStudioVersion = 17.3.32819.101
MinimumVisualStudioVersion = 10.0.40219.1
Project("{9A19103F-16F7-4668-BE54-9A1E7A4F7556}") = "Artisashop.Tests", "Artisashop.Tests\Artisashop.Tests.csproj", "{6531F81C-91EA-409E-8A0B-4395072690AB}"
EndProject
Project("{2150E333-8FDC-42A3-9474-1A3956D46DE8}") = "Libs", "Libs", "{1C1A52CC-CE63-4066-A01A-7B34B7CD9819}"
EndProject
Project("{2150E333-8FDC-42A3-9474-1A3956D46DE8}") = "Entreprises", "Entreprises", "{BB6AD772-B498-4614-A1C7-6EC563A2E3C6}"
EndProject
Project("{2150E333-8FDC-42A3-9474-1A3956D46DE8}") = "src", "src", "{2C2A6017-1288-4487-93E6-5160822EA2DD}"
EndProject
Project("{FAE04EC0-301F-11D3-BF4B-00C04F79EFBC}") = "EntreprisesApi", "Libs\Entreprises\src\EntreprisesApi\EntreprisesApi.csproj", "{735ABD0B-98AC-40D2-86EB-2456EDCFCF76}"
EndProject
Project("{FAE04EC0-301F-11D3-BF4B-00C04F79EFBC}") = "EntreprisesApi.Test", "Libs\Entreprises\src\EntreprisesApi.Test\EntreprisesApi.Test.csproj", "{CE41E1CF-FBFD-4455-8E60-879683DCB378}"
EndProject
Project("{2150E333-8FDC-42A3-9474-1A3956D46DE8}") = "RechercheEntreprises", "RechercheEntreprises", "{BB7B4CBF-7E13-448B-AE6E-3272E6C73CD8}"
EndProject
Project("{2150E333-8FDC-42A3-9474-1A3956D46DE8}") = "src", "src", "{0A20A2A8-5C5B-4596-904D-3C5172F3763A}"
EndProject
Project("{FAE04EC0-301F-11D3-BF4B-00C04F79EFBC}") = "RechercheEntreprisesApi", "Libs\RechercheEntreprises\src\RechercheEntreprisesApi\RechercheEntreprisesApi.csproj", "{F19A3063-8535-4F76-9911-2581B3FD49E7}"
EndProject
Project("{FAE04EC0-301F-11D3-BF4B-00C04F79EFBC}") = "RechercheEntreprisesApi.Test", "Libs\RechercheEntreprises\src\RechercheEntreprisesApi.Test\RechercheEntreprisesApi.Test.csproj", "{368C1A81-4296-4FF1-8D81-8D298AE64615}"
EndProject
Project("{2150E333-8FDC-42A3-9474-1A3956D46DE8}") = "RepertoireNationalMetiers", "RepertoireNationalMetiers", "{9FFAB212-FA80-4204-B919-85CDB5506B4D}"
EndProject
Project("{2150E333-8FDC-42A3-9474-1A3956D46DE8}") = "src", "src", "{EAE08469-8F79-4DC5-9CE3-C40CE05BA8C9}"
EndProject
Project("{FAE04EC0-301F-11D3-BF4B-00C04F79EFBC}") = "RepertoireNationalMetiersApi", "Libs\RepertoireNationalMetiers\src\RepertoireNationalMetiersApi\RepertoireNationalMetiersApi.csproj", "{3CA20C40-26E3-4543-971E-DD45E3BC7A21}"
EndProject
Project("{FAE04EC0-301F-11D3-BF4B-00C04F79EFBC}") = "RepertoireNationalMetiersApi.Test", "Libs\RepertoireNationalMetiers\src\RepertoireNationalMetiersApi.Test\RepertoireNationalMetiersApi.Test.csproj", "{5236965B-97F2-451E-845C-397A74F63240}"
EndProject
Project("{2150E333-8FDC-42A3-9474-1A3956D46DE8}") = "Sirene", "Sirene", "{336AAE20-75E1-4096-A9BC-15DFA3FD988B}"
EndProject
Project("{2150E333-8FDC-42A3-9474-1A3956D46DE8}") = "src", "src", "{616419FD-69A1-42B4-966E-002E201F2169}"
EndProject
Project("{FAE04EC0-301F-11D3-BF4B-00C04F79EFBC}") = "SireneApi", "Libs\Sirene\src\SireneApi\SireneApi.csproj", "{9780CC6D-39F9-4A49-99E4-D06B751D83FF}"
EndProject
Project("{FAE04EC0-301F-11D3-BF4B-00C04F79EFBC}") = "SireneApi.Test", "Libs\Sirene\src\SireneApi.Test\SireneApi.Test.csproj", "{4C9E30B1-7AC0-4647-B029-DACBE896FDB9}"
EndProject
Project("{FAE04EC0-301F-11D3-BF4B-00C04F79EFBC}") = "Artisashop", "Artisashop\Artisashop.csproj", "{3825841B-DB69-4B48-AF95-5A1462FFF4D3}"
EndProject
Project("{FAE04EC0-301F-11D3-BF4B-00C04F79EFBC}") = "WebApi", "auth-example\WebApi.csproj", "{A50A91B5-1B82-495C-87AF-8970ED5FF51C}"
EndProject
Project("{FAE04EC0-301F-11D3-BF4B-00C04F79EFBC}") = "WebApi", "rbac-example\WebApi.csproj", "{8DE1F95A-F0F6-4A30-89B2-A57ECB033F7F}"
EndProject
Global
	GlobalSection(SolutionConfigurationPlatforms) = preSolution
		Debug|Any CPU = Debug|Any CPU
		Release|Any CPU = Release|Any CPU
	EndGlobalSection
	GlobalSection(ProjectConfigurationPlatforms) = postSolution
		{6531F81C-91EA-409E-8A0B-4395072690AB}.Debug|Any CPU.ActiveCfg = Debug|Any CPU
		{6531F81C-91EA-409E-8A0B-4395072690AB}.Debug|Any CPU.Build.0 = Debug|Any CPU
		{6531F81C-91EA-409E-8A0B-4395072690AB}.Release|Any CPU.ActiveCfg = Release|Any CPU
		{6531F81C-91EA-409E-8A0B-4395072690AB}.Release|Any CPU.Build.0 = Release|Any CPU
		{735ABD0B-98AC-40D2-86EB-2456EDCFCF76}.Debug|Any CPU.ActiveCfg = Debug|Any CPU
		{735ABD0B-98AC-40D2-86EB-2456EDCFCF76}.Debug|Any CPU.Build.0 = Debug|Any CPU
		{735ABD0B-98AC-40D2-86EB-2456EDCFCF76}.Release|Any CPU.ActiveCfg = Release|Any CPU
		{735ABD0B-98AC-40D2-86EB-2456EDCFCF76}.Release|Any CPU.Build.0 = Release|Any CPU
		{CE41E1CF-FBFD-4455-8E60-879683DCB378}.Debug|Any CPU.ActiveCfg = Debug|Any CPU
		{CE41E1CF-FBFD-4455-8E60-879683DCB378}.Debug|Any CPU.Build.0 = Debug|Any CPU
		{CE41E1CF-FBFD-4455-8E60-879683DCB378}.Release|Any CPU.ActiveCfg = Release|Any CPU
		{CE41E1CF-FBFD-4455-8E60-879683DCB378}.Release|Any CPU.Build.0 = Release|Any CPU
		{F19A3063-8535-4F76-9911-2581B3FD49E7}.Debug|Any CPU.ActiveCfg = Debug|Any CPU
		{F19A3063-8535-4F76-9911-2581B3FD49E7}.Debug|Any CPU.Build.0 = Debug|Any CPU
		{F19A3063-8535-4F76-9911-2581B3FD49E7}.Release|Any CPU.ActiveCfg = Release|Any CPU
		{F19A3063-8535-4F76-9911-2581B3FD49E7}.Release|Any CPU.Build.0 = Release|Any CPU
		{368C1A81-4296-4FF1-8D81-8D298AE64615}.Debug|Any CPU.ActiveCfg = Debug|Any CPU
		{368C1A81-4296-4FF1-8D81-8D298AE64615}.Debug|Any CPU.Build.0 = Debug|Any CPU
		{368C1A81-4296-4FF1-8D81-8D298AE64615}.Release|Any CPU.ActiveCfg = Release|Any CPU
		{368C1A81-4296-4FF1-8D81-8D298AE64615}.Release|Any CPU.Build.0 = Release|Any CPU
		{3CA20C40-26E3-4543-971E-DD45E3BC7A21}.Debug|Any CPU.ActiveCfg = Debug|Any CPU
		{3CA20C40-26E3-4543-971E-DD45E3BC7A21}.Debug|Any CPU.Build.0 = Debug|Any CPU
		{3CA20C40-26E3-4543-971E-DD45E3BC7A21}.Release|Any CPU.ActiveCfg = Release|Any CPU
		{3CA20C40-26E3-4543-971E-DD45E3BC7A21}.Release|Any CPU.Build.0 = Release|Any CPU
		{5236965B-97F2-451E-845C-397A74F63240}.Debug|Any CPU.ActiveCfg = Debug|Any CPU
		{5236965B-97F2-451E-845C-397A74F63240}.Debug|Any CPU.Build.0 = Debug|Any CPU
		{5236965B-97F2-451E-845C-397A74F63240}.Release|Any CPU.ActiveCfg = Release|Any CPU
		{5236965B-97F2-451E-845C-397A74F63240}.Release|Any CPU.Build.0 = Release|Any CPU
		{9780CC6D-39F9-4A49-99E4-D06B751D83FF}.Debug|Any CPU.ActiveCfg = Debug|Any CPU
		{9780CC6D-39F9-4A49-99E4-D06B751D83FF}.Debug|Any CPU.Build.0 = Debug|Any CPU
		{9780CC6D-39F9-4A49-99E4-D06B751D83FF}.Release|Any CPU.ActiveCfg = Release|Any CPU
		{9780CC6D-39F9-4A49-99E4-D06B751D83FF}.Release|Any CPU.Build.0 = Release|Any CPU
		{4C9E30B1-7AC0-4647-B029-DACBE896FDB9}.Debug|Any CPU.ActiveCfg = Debug|Any CPU
		{4C9E30B1-7AC0-4647-B029-DACBE896FDB9}.Debug|Any CPU.Build.0 = Debug|Any CPU
		{4C9E30B1-7AC0-4647-B029-DACBE896FDB9}.Release|Any CPU.ActiveCfg = Release|Any CPU
		{4C9E30B1-7AC0-4647-B029-DACBE896FDB9}.Release|Any CPU.Build.0 = Release|Any CPU
		{3825841B-DB69-4B48-AF95-5A1462FFF4D3}.Debug|Any CPU.ActiveCfg = Debug|Any CPU
		{3825841B-DB69-4B48-AF95-5A1462FFF4D3}.Debug|Any CPU.Build.0 = Debug|Any CPU
		{3825841B-DB69-4B48-AF95-5A1462FFF4D3}.Release|Any CPU.ActiveCfg = Release|Any CPU
		{3825841B-DB69-4B48-AF95-5A1462FFF4D3}.Release|Any CPU.Build.0 = Release|Any CPU
		{A50A91B5-1B82-495C-87AF-8970ED5FF51C}.Debug|Any CPU.ActiveCfg = Debug|Any CPU
		{A50A91B5-1B82-495C-87AF-8970ED5FF51C}.Debug|Any CPU.Build.0 = Debug|Any CPU
		{A50A91B5-1B82-495C-87AF-8970ED5FF51C}.Release|Any CPU.ActiveCfg = Release|Any CPU
		{A50A91B5-1B82-495C-87AF-8970ED5FF51C}.Release|Any CPU.Build.0 = Release|Any CPU
		{8DE1F95A-F0F6-4A30-89B2-A57ECB033F7F}.Debug|Any CPU.ActiveCfg = Debug|Any CPU
		{8DE1F95A-F0F6-4A30-89B2-A57ECB033F7F}.Debug|Any CPU.Build.0 = Debug|Any CPU
		{8DE1F95A-F0F6-4A30-89B2-A57ECB033F7F}.Release|Any CPU.ActiveCfg = Release|Any CPU
		{8DE1F95A-F0F6-4A30-89B2-A57ECB033F7F}.Release|Any CPU.Build.0 = Release|Any CPU
	EndGlobalSection
	GlobalSection(SolutionProperties) = preSolution
		HideSolutionNode = FALSE
	EndGlobalSection
	GlobalSection(NestedProjects) = preSolution
		{BB6AD772-B498-4614-A1C7-6EC563A2E3C6} = {1C1A52CC-CE63-4066-A01A-7B34B7CD9819}
		{2C2A6017-1288-4487-93E6-5160822EA2DD} = {BB6AD772-B498-4614-A1C7-6EC563A2E3C6}
		{735ABD0B-98AC-40D2-86EB-2456EDCFCF76} = {2C2A6017-1288-4487-93E6-5160822EA2DD}
		{CE41E1CF-FBFD-4455-8E60-879683DCB378} = {2C2A6017-1288-4487-93E6-5160822EA2DD}
		{BB7B4CBF-7E13-448B-AE6E-3272E6C73CD8} = {1C1A52CC-CE63-4066-A01A-7B34B7CD9819}
		{0A20A2A8-5C5B-4596-904D-3C5172F3763A} = {BB7B4CBF-7E13-448B-AE6E-3272E6C73CD8}
		{F19A3063-8535-4F76-9911-2581B3FD49E7} = {0A20A2A8-5C5B-4596-904D-3C5172F3763A}
		{368C1A81-4296-4FF1-8D81-8D298AE64615} = {0A20A2A8-5C5B-4596-904D-3C5172F3763A}
		{9FFAB212-FA80-4204-B919-85CDB5506B4D} = {1C1A52CC-CE63-4066-A01A-7B34B7CD9819}
		{EAE08469-8F79-4DC5-9CE3-C40CE05BA8C9} = {9FFAB212-FA80-4204-B919-85CDB5506B4D}
		{3CA20C40-26E3-4543-971E-DD45E3BC7A21} = {EAE08469-8F79-4DC5-9CE3-C40CE05BA8C9}
		{5236965B-97F2-451E-845C-397A74F63240} = {EAE08469-8F79-4DC5-9CE3-C40CE05BA8C9}
		{336AAE20-75E1-4096-A9BC-15DFA3FD988B} = {1C1A52CC-CE63-4066-A01A-7B34B7CD9819}
		{616419FD-69A1-42B4-966E-002E201F2169} = {336AAE20-75E1-4096-A9BC-15DFA3FD988B}
		{9780CC6D-39F9-4A49-99E4-D06B751D83FF} = {616419FD-69A1-42B4-966E-002E201F2169}
		{4C9E30B1-7AC0-4647-B029-DACBE896FDB9} = {616419FD-69A1-42B4-966E-002E201F2169}
	EndGlobalSection
	GlobalSection(ExtensibilityGlobals) = postSolution
		SolutionGuid = {74113F54-A433-4677-BA68-7DDD51A0E5B2}
	EndGlobalSection
EndGlobal
