
Microsoft Visual Studio Solution File, Format Version 12.00
# Visual Studio Version 17
VisualStudioVersion = 17.3.32819.101
MinimumVisualStudioVersion = 10.0.40219.1
Project("{FAE04EC0-301F-11D3-BF4B-00C04F79EFBC}") = "frontend", "Frontend\frontend.esproj", "{70724A8A-CAB9-4958-9864-4400DB229EFA}"
EndProject
Project("{2150E333-8FDC-42A3-9474-1A3956D46DE8}") = "Backend", "Backend", "{871FFBE3-1412-40F2-A78F-3DE358366271}"
	ProjectSection(SolutionItems) = preProject
		Backend\Dockerfile = Backend\Dockerfile
		Backend\.dockerignore = Backend\.dockerignore
	EndProjectSection
EndProject
Project("{FAE04EC0-301F-11D3-BF4B-00C04F79EFBC}") = "Artisashop", "Backend\Artisashop\Artisashop.csproj", "{5692A9F0-4AC3-45D3-8841-F1EA10978517}"
EndProject
Project("{FAE04EC0-301F-11D3-BF4B-00C04F79EFBC}") = "Artisashop.Tests", "Backend\Artisashop.Tests\Artisashop.Tests.csproj", "{42CF25D0-4C54-4C78-975D-27A6DBF8F0F7}"
EndProject
Project("{FAE04EC0-301F-11D3-BF4B-00C04F79EFBC}") = "EntreprisesApi", "Backend\Libs\Entreprises\src\EntreprisesApi\EntreprisesApi.csproj", "{DF9ADEBE-A910-4206-9310-081242A09D19}"
EndProject
Project("{FAE04EC0-301F-11D3-BF4B-00C04F79EFBC}") = "EntreprisesApi.Test", "Backend\Libs\Entreprises\src\EntreprisesApi.Test\EntreprisesApi.Test.csproj", "{9FE8810B-B913-4B52-87B1-81B93834EF9F}"
EndProject
Project("{2150E333-8FDC-42A3-9474-1A3956D46DE8}") = "Libs", "Libs", "{0D262C8D-2087-4C86-A9E0-34026B5322A2}"
EndProject
Project("{2150E333-8FDC-42A3-9474-1A3956D46DE8}") = "Entreprises", "Entreprises", "{D5007F69-895E-491B-8DF1-981F08907B22}"
EndProject
Project("{FAE04EC0-301F-11D3-BF4B-00C04F79EFBC}") = "RechercheEntreprisesApi", "Backend\Libs\RechercheEntreprises\src\RechercheEntreprisesApi\RechercheEntreprisesApi.csproj", "{57D07E25-DAC3-43B6-B517-A8C0A7F3A807}"
EndProject
Project("{2150E333-8FDC-42A3-9474-1A3956D46DE8}") = "RechercheEntreprises", "RechercheEntreprises", "{6E138E66-D4FF-4B1D-905E-C1F1CBDC2680}"
EndProject
Project("{FAE04EC0-301F-11D3-BF4B-00C04F79EFBC}") = "RechercheEntreprisesApi.Test", "Backend\Libs\RechercheEntreprises\src\RechercheEntreprisesApi.Test\RechercheEntreprisesApi.Test.csproj", "{32081958-7D2D-4427-BBAC-E867E248A0F1}"
EndProject
Project("{FAE04EC0-301F-11D3-BF4B-00C04F79EFBC}") = "RepertoireNationalMetiersApi", "Backend\Libs\RepertoireNationalMetiers\src\RepertoireNationalMetiersApi\RepertoireNationalMetiersApi.csproj", "{78EF2B35-C5DA-47F6-A589-475A20473F34}"
EndProject
Project("{2150E333-8FDC-42A3-9474-1A3956D46DE8}") = "RepertoireNationalMetiers", "RepertoireNationalMetiers", "{0F5C56AC-3894-4DD7-8A66-130053656EE8}"
EndProject
Project("{FAE04EC0-301F-11D3-BF4B-00C04F79EFBC}") = "RepertoireNationalMetiersApi.Test", "Backend\Libs\RepertoireNationalMetiers\src\RepertoireNationalMetiersApi.Test\RepertoireNationalMetiersApi.Test.csproj", "{91D886C8-76EA-49F8-9F58-6953486A9A36}"
EndProject
Project("{2150E333-8FDC-42A3-9474-1A3956D46DE8}") = "Sirene", "Sirene", "{0A757EB1-087F-49F6-B00A-93FF513588A5}"
EndProject
Project("{FAE04EC0-301F-11D3-BF4B-00C04F79EFBC}") = "SireneApi", "Backend\Libs\Sirene\src\SireneApi\SireneApi.csproj", "{0EA26944-0E67-4C16-AE52-E3FD19A5E742}"
EndProject
Project("{FAE04EC0-301F-11D3-BF4B-00C04F79EFBC}") = "SireneApi.Test", "Backend\Libs\Sirene\src\SireneApi.Test\SireneApi.Test.csproj", "{FDAD1C99-5989-48E7-AE07-C7DD6D2D1614}"
EndProject
Global
	GlobalSection(SolutionConfigurationPlatforms) = preSolution
		Debug|Any CPU = Debug|Any CPU
		Release|Any CPU = Release|Any CPU
	EndGlobalSection
	GlobalSection(ProjectConfigurationPlatforms) = postSolution
		{70724A8A-CAB9-4958-9864-4400DB229EFA}.Debug|Any CPU.ActiveCfg = Debug|Any CPU
		{70724A8A-CAB9-4958-9864-4400DB229EFA}.Debug|Any CPU.Build.0 = Debug|Any CPU
		{70724A8A-CAB9-4958-9864-4400DB229EFA}.Release|Any CPU.ActiveCfg = Debug|Any CPU
		{70724A8A-CAB9-4958-9864-4400DB229EFA}.Release|Any CPU.Build.0 = Debug|Any CPU
		{5692A9F0-4AC3-45D3-8841-F1EA10978517}.Debug|Any CPU.ActiveCfg = Debug|Any CPU
		{5692A9F0-4AC3-45D3-8841-F1EA10978517}.Debug|Any CPU.Build.0 = Debug|Any CPU
		{5692A9F0-4AC3-45D3-8841-F1EA10978517}.Release|Any CPU.ActiveCfg = Release|Any CPU
		{5692A9F0-4AC3-45D3-8841-F1EA10978517}.Release|Any CPU.Build.0 = Release|Any CPU
		{42CF25D0-4C54-4C78-975D-27A6DBF8F0F7}.Debug|Any CPU.ActiveCfg = Debug|Any CPU
		{42CF25D0-4C54-4C78-975D-27A6DBF8F0F7}.Debug|Any CPU.Build.0 = Debug|Any CPU
		{42CF25D0-4C54-4C78-975D-27A6DBF8F0F7}.Release|Any CPU.ActiveCfg = Release|Any CPU
		{42CF25D0-4C54-4C78-975D-27A6DBF8F0F7}.Release|Any CPU.Build.0 = Release|Any CPU
		{DF9ADEBE-A910-4206-9310-081242A09D19}.Debug|Any CPU.ActiveCfg = Debug|Any CPU
		{DF9ADEBE-A910-4206-9310-081242A09D19}.Debug|Any CPU.Build.0 = Debug|Any CPU
		{DF9ADEBE-A910-4206-9310-081242A09D19}.Release|Any CPU.ActiveCfg = Release|Any CPU
		{DF9ADEBE-A910-4206-9310-081242A09D19}.Release|Any CPU.Build.0 = Release|Any CPU
		{9FE8810B-B913-4B52-87B1-81B93834EF9F}.Debug|Any CPU.ActiveCfg = Debug|Any CPU
		{9FE8810B-B913-4B52-87B1-81B93834EF9F}.Debug|Any CPU.Build.0 = Debug|Any CPU
		{9FE8810B-B913-4B52-87B1-81B93834EF9F}.Release|Any CPU.ActiveCfg = Release|Any CPU
		{9FE8810B-B913-4B52-87B1-81B93834EF9F}.Release|Any CPU.Build.0 = Release|Any CPU
		{57D07E25-DAC3-43B6-B517-A8C0A7F3A807}.Debug|Any CPU.ActiveCfg = Debug|Any CPU
		{57D07E25-DAC3-43B6-B517-A8C0A7F3A807}.Debug|Any CPU.Build.0 = Debug|Any CPU
		{57D07E25-DAC3-43B6-B517-A8C0A7F3A807}.Release|Any CPU.ActiveCfg = Release|Any CPU
		{57D07E25-DAC3-43B6-B517-A8C0A7F3A807}.Release|Any CPU.Build.0 = Release|Any CPU
		{32081958-7D2D-4427-BBAC-E867E248A0F1}.Debug|Any CPU.ActiveCfg = Debug|Any CPU
		{32081958-7D2D-4427-BBAC-E867E248A0F1}.Debug|Any CPU.Build.0 = Debug|Any CPU
		{32081958-7D2D-4427-BBAC-E867E248A0F1}.Release|Any CPU.ActiveCfg = Release|Any CPU
		{32081958-7D2D-4427-BBAC-E867E248A0F1}.Release|Any CPU.Build.0 = Release|Any CPU
		{78EF2B35-C5DA-47F6-A589-475A20473F34}.Debug|Any CPU.ActiveCfg = Debug|Any CPU
		{78EF2B35-C5DA-47F6-A589-475A20473F34}.Debug|Any CPU.Build.0 = Debug|Any CPU
		{78EF2B35-C5DA-47F6-A589-475A20473F34}.Release|Any CPU.ActiveCfg = Release|Any CPU
		{78EF2B35-C5DA-47F6-A589-475A20473F34}.Release|Any CPU.Build.0 = Release|Any CPU
		{91D886C8-76EA-49F8-9F58-6953486A9A36}.Debug|Any CPU.ActiveCfg = Debug|Any CPU
		{91D886C8-76EA-49F8-9F58-6953486A9A36}.Debug|Any CPU.Build.0 = Debug|Any CPU
		{91D886C8-76EA-49F8-9F58-6953486A9A36}.Release|Any CPU.ActiveCfg = Release|Any CPU
		{91D886C8-76EA-49F8-9F58-6953486A9A36}.Release|Any CPU.Build.0 = Release|Any CPU
		{0EA26944-0E67-4C16-AE52-E3FD19A5E742}.Debug|Any CPU.ActiveCfg = Debug|Any CPU
		{0EA26944-0E67-4C16-AE52-E3FD19A5E742}.Debug|Any CPU.Build.0 = Debug|Any CPU
		{0EA26944-0E67-4C16-AE52-E3FD19A5E742}.Release|Any CPU.ActiveCfg = Release|Any CPU
		{0EA26944-0E67-4C16-AE52-E3FD19A5E742}.Release|Any CPU.Build.0 = Release|Any CPU
		{FDAD1C99-5989-48E7-AE07-C7DD6D2D1614}.Debug|Any CPU.ActiveCfg = Debug|Any CPU
		{FDAD1C99-5989-48E7-AE07-C7DD6D2D1614}.Debug|Any CPU.Build.0 = Debug|Any CPU
		{FDAD1C99-5989-48E7-AE07-C7DD6D2D1614}.Release|Any CPU.ActiveCfg = Release|Any CPU
		{FDAD1C99-5989-48E7-AE07-C7DD6D2D1614}.Release|Any CPU.Build.0 = Release|Any CPU
	EndGlobalSection
	GlobalSection(SolutionProperties) = preSolution
		HideSolutionNode = FALSE
	EndGlobalSection
	GlobalSection(ExtensibilityGlobals) = postSolution
		SolutionGuid = {74113F54-A433-4677-BA68-7DDD51A0E5B2}
	EndGlobalSection
	GlobalSection(NestedProjects) = preSolution
		{5692A9F0-4AC3-45D3-8841-F1EA10978517} = {871FFBE3-1412-40F2-A78F-3DE358366271}
		{42CF25D0-4C54-4C78-975D-27A6DBF8F0F7} = {871FFBE3-1412-40F2-A78F-3DE358366271}
		{0D262C8D-2087-4C86-A9E0-34026B5322A2} = {871FFBE3-1412-40F2-A78F-3DE358366271}
		{D5007F69-895E-491B-8DF1-981F08907B22} = {0D262C8D-2087-4C86-A9E0-34026B5322A2}
		{DF9ADEBE-A910-4206-9310-081242A09D19} = {D5007F69-895E-491B-8DF1-981F08907B22}
		{9FE8810B-B913-4B52-87B1-81B93834EF9F} = {D5007F69-895E-491B-8DF1-981F08907B22}
		{6E138E66-D4FF-4B1D-905E-C1F1CBDC2680} = {0D262C8D-2087-4C86-A9E0-34026B5322A2}
		{32081958-7D2D-4427-BBAC-E867E248A0F1} = {6E138E66-D4FF-4B1D-905E-C1F1CBDC2680}
		{57D07E25-DAC3-43B6-B517-A8C0A7F3A807} = {6E138E66-D4FF-4B1D-905E-C1F1CBDC2680}
		{0F5C56AC-3894-4DD7-8A66-130053656EE8} = {0D262C8D-2087-4C86-A9E0-34026B5322A2}
		{78EF2B35-C5DA-47F6-A589-475A20473F34} = {0F5C56AC-3894-4DD7-8A66-130053656EE8}
		{91D886C8-76EA-49F8-9F58-6953486A9A36} = {0F5C56AC-3894-4DD7-8A66-130053656EE8}
		{0A757EB1-087F-49F6-B00A-93FF513588A5} = {0D262C8D-2087-4C86-A9E0-34026B5322A2}
		{0EA26944-0E67-4C16-AE52-E3FD19A5E742} = {0A757EB1-087F-49F6-B00A-93FF513588A5}
		{FDAD1C99-5989-48E7-AE07-C7DD6D2D1614} = {0A757EB1-087F-49F6-B00A-93FF513588A5}
	EndGlobalSection
EndGlobal
